// !$*UTF8*$!
{
	archiveVersion = 1;
	classes = {
	};
	objectVersion = 48;
	objects = {

/* Begin PBXBuildFile section */
		067ACAB022DD86E600BEA691 /* CardModel.swift in Sources */ = {isa = PBXBuildFile; fileRef = 067ACAAF22DD86E600BEA691 /* CardModel.swift */; };
		067ACAB222DD876400BEA691 /* Card.swift in Sources */ = {isa = PBXBuildFile; fileRef = 067ACAB122DD876400BEA691 /* Card.swift */; };
		067ACAB422DD882100BEA691 /* CardCollectionViewCell.swift in Sources */ = {isa = PBXBuildFile; fileRef = 067ACAB322DD882100BEA691 /* CardCollectionViewCell.swift */; };
		067ACAC722E03B5A00BEA691 /* dingwrong.wav in Resources */ = {isa = PBXBuildFile; fileRef = 067ACAC322E03B5900BEA691 /* dingwrong.wav */; };
		067ACAC822E03B5A00BEA691 /* shuffle.wav in Resources */ = {isa = PBXBuildFile; fileRef = 067ACAC422E03B5900BEA691 /* shuffle.wav */; };
		067ACAC922E03B5A00BEA691 /* dingcorrect.wav in Resources */ = {isa = PBXBuildFile; fileRef = 067ACAC522E03B5A00BEA691 /* dingcorrect.wav */; };
		067ACACA22E03B5A00BEA691 /* cardflip.wav in Resources */ = {isa = PBXBuildFile; fileRef = 067ACAC622E03B5A00BEA691 /* cardflip.wav */; };
		067ACACD22E03CC500BEA691 /* AVFoundation.framework in Frameworks */ = {isa = PBXBuildFile; fileRef = 067ACACC22E03CC500BEA691 /* AVFoundation.framework */; };
		067ACACF22E03DDF00BEA691 /* SoundManager.swift in Sources */ = {isa = PBXBuildFile; fileRef = 067ACACE22E03DDF00BEA691 /* SoundManager.swift */; };
		83564F671FB4E205008F7BDD /* AppDelegate.swift in Sources */ = {isa = PBXBuildFile; fileRef = 83564F661FB4E205008F7BDD /* AppDelegate.swift */; };
		83564F691FB4E205008F7BDD /* ViewController.swift in Sources */ = {isa = PBXBuildFile; fileRef = 83564F681FB4E205008F7BDD /* ViewController.swift */; };
		83564F6C1FB4E205008F7BDD /* Main.storyboard in Resources */ = {isa = PBXBuildFile; fileRef = 83564F6A1FB4E205008F7BDD /* Main.storyboard */; };
		83564F6E1FB4E205008F7BDD /* Assets.xcassets in Resources */ = {isa = PBXBuildFile; fileRef = 83564F6D1FB4E205008F7BDD /* Assets.xcassets */; };
		83564F711FB4E205008F7BDD /* LaunchScreen.storyboard in Resources */ = {isa = PBXBuildFile; fileRef = 83564F6F1FB4E205008F7BDD /* LaunchScreen.storyboard */; };
/* End PBXBuildFile section */

/* Begin PBXFileReference section */
		067ACAAF22DD86E600BEA691 /* CardModel.swift */ = {isa = PBXFileReference; lastKnownFileType = sourcecode.swift; path = CardModel.swift; sourceTree = "<group>"; };
		067ACAB122DD876400BEA691 /* Card.swift */ = {isa = PBXFileReference; lastKnownFileType = sourcecode.swift; path = Card.swift; sourceTree = "<group>"; };
		067ACAB322DD882100BEA691 /* CardCollectionViewCell.swift */ = {isa = PBXFileReference; lastKnownFileType = sourcecode.swift; path = CardCollectionViewCell.swift; sourceTree = "<group>"; };
		067ACAC322E03B5900BEA691 /* dingwrong.wav */ = {isa = PBXFileReference; lastKnownFileType = audio.wav; path = dingwrong.wav; sourceTree = "<group>"; };
		067ACAC422E03B5900BEA691 /* shuffle.wav */ = {isa = PBXFileReference; lastKnownFileType = audio.wav; path = shuffle.wav; sourceTree = "<group>"; };
		067ACAC522E03B5A00BEA691 /* dingcorrect.wav */ = {isa = PBXFileReference; lastKnownFileType = audio.wav; path = dingcorrect.wav; sourceTree = "<group>"; };
		067ACAC622E03B5A00BEA691 /* cardflip.wav */ = {isa = PBXFileReference; lastKnownFileType = audio.wav; path = cardflip.wav; sourceTree = "<group>"; };
		067ACACC22E03CC500BEA691 /* AVFoundation.framework */ = {isa = PBXFileReference; lastKnownFileType = wrapper.framework; name = AVFoundation.framework; path = System/Library/Frameworks/AVFoundation.framework; sourceTree = SDKROOT; };
		067ACACE22E03DDF00BEA691 /* SoundManager.swift */ = {isa = PBXFileReference; lastKnownFileType = sourcecode.swift; path = SoundManager.swift; sourceTree = "<group>"; };
		83564F631FB4E205008F7BDD /* Match App.app */ = {isa = PBXFileReference; explicitFileType = wrapper.application; includeInIndex = 0; path = "Match App.app"; sourceTree = BUILT_PRODUCTS_DIR; };
		83564F661FB4E205008F7BDD /* AppDelegate.swift */ = {isa = PBXFileReference; lastKnownFileType = sourcecode.swift; path = AppDelegate.swift; sourceTree = "<group>"; };
		83564F681FB4E205008F7BDD /* ViewController.swift */ = {isa = PBXFileReference; lastKnownFileType = sourcecode.swift; path = ViewController.swift; sourceTree = "<group>"; };
		83564F6B1FB4E205008F7BDD /* Base */ = {isa = PBXFileReference; lastKnownFileType = file.storyboard; name = Base; path = Base.lproj/Main.storyboard; sourceTree = "<group>"; };
		83564F6D1FB4E205008F7BDD /* Assets.xcassets */ = {isa = PBXFileReference; lastKnownFileType = folder.assetcatalog; path = Assets.xcassets; sourceTree = "<group>"; };
		83564F701FB4E205008F7BDD /* Base */ = {isa = PBXFileReference; lastKnownFileType = file.storyboard; name = Base; path = Base.lproj/LaunchScreen.storyboard; sourceTree = "<group>"; };
		83564F721FB4E205008F7BDD /* Info.plist */ = {isa = PBXFileReference; lastKnownFileType = text.plist.xml; path = Info.plist; sourceTree = "<group>"; };
/* End PBXFileReference section */

/* Begin PBXFrameworksBuildPhase section */
		83564F601FB4E205008F7BDD /* Frameworks */ = {
			isa = PBXFrameworksBuildPhase;
			buildActionMask = 2147483647;
			files = (
				067ACACD22E03CC500BEA691 /* AVFoundation.framework in Frameworks */,
			);
			runOnlyForDeploymentPostprocessing = 0;
		};
/* End PBXFrameworksBuildPhase section */

/* Begin PBXGroup section */
		067ACAC222E03B3700BEA691 /* Sounds */ = {
			isa = PBXGroup;
			children = (
				067ACAC622E03B5A00BEA691 /* cardflip.wav */,
				067ACAC522E03B5A00BEA691 /* dingcorrect.wav */,
				067ACAC322E03B5900BEA691 /* dingwrong.wav */,
				067ACAC422E03B5900BEA691 /* shuffle.wav */,
			);
			path = Sounds;
			sourceTree = "<group>";
		};
		067ACACB22E03CC500BEA691 /* Frameworks */ = {
			isa = PBXGroup;
			children = (
				067ACACC22E03CC500BEA691 /* AVFoundation.framework */,
			);
			name = Frameworks;
			sourceTree = "<group>";
		};
		83564F5A1FB4E205008F7BDD = {
			isa = PBXGroup;
			children = (
				83564F651FB4E205008F7BDD /* Match App */,
				83564F641FB4E205008F7BDD /* Products */,
				067ACACB22E03CC500BEA691 /* Frameworks */,
			);
			sourceTree = "<group>";
		};
		83564F641FB4E205008F7BDD /* Products */ = {
			isa = PBXGroup;
			children = (
				83564F631FB4E205008F7BDD /* Match App.app */,
			);
			name = Products;
			sourceTree = "<group>";
		};
		83564F651FB4E205008F7BDD /* Match App */ = {
			isa = PBXGroup;
			children = (
				067ACAC222E03B3700BEA691 /* Sounds */,
				83564F661FB4E205008F7BDD /* AppDelegate.swift */,
				83564F681FB4E205008F7BDD /* ViewController.swift */,
				83564F6A1FB4E205008F7BDD /* Main.storyboard */,
				83564F6D1FB4E205008F7BDD /* Assets.xcassets */,
				83564F6F1FB4E205008F7BDD /* LaunchScreen.storyboard */,
				83564F721FB4E205008F7BDD /* Info.plist */,
				067ACAAF22DD86E600BEA691 /* CardModel.swift */,
				067ACAB122DD876400BEA691 /* Card.swift */,
				067ACAB322DD882100BEA691 /* CardCollectionViewCell.swift */,
				067ACACE22E03DDF00BEA691 /* SoundManager.swift */,
			);
			path = "Match App";
			sourceTree = "<group>";
		};
/* End PBXGroup section */

/* Begin PBXNativeTarget section */
		83564F621FB4E205008F7BDD /* Match App */ = {
			isa = PBXNativeTarget;
			buildConfigurationList = 83564F751FB4E205008F7BDD /* Build configuration list for PBXNativeTarget "Match App" */;
			buildPhases = (
				83564F5F1FB4E205008F7BDD /* Sources */,
				83564F601FB4E205008F7BDD /* Frameworks */,
				83564F611FB4E205008F7BDD /* Resources */,
			);
			buildRules = (
			);
			dependencies = (
			);
			name = "Match App";
			productName = "Match App";
			productReference = 83564F631FB4E205008F7BDD /* Match App.app */;
			productType = "com.apple.product-type.application";
		};
/* End PBXNativeTarget section */

/* Begin PBXProject section */
		83564F5B1FB4E205008F7BDD /* Project object */ = {
			isa = PBXProject;
			attributes = {
				LastSwiftUpdateCheck = 0910;
				LastUpgradeCheck = 0910;
				ORGANIZATIONNAME = "Christopher Ching";
				TargetAttributes = {
					83564F621FB4E205008F7BDD = {
						CreatedOnToolsVersion = 9.1;
						ProvisioningStyle = Automatic;
					};
				};
			};
			buildConfigurationList = 83564F5E1FB4E205008F7BDD /* Build configuration list for PBXProject "Match App_Po" */;
			compatibilityVersion = "Xcode 8.0";
			developmentRegion = en;
			hasScannedForEncodings = 0;
			knownRegions = (
				en,
				Base,
			);
			mainGroup = 83564F5A1FB4E205008F7BDD;
			productRefGroup = 83564F641FB4E205008F7BDD /* Products */;
			projectDirPath = "";
			projectRoot = "";
			targets = (
				83564F621FB4E205008F7BDD /* Match App */,
			);
		};
/* End PBXProject section */

/* Begin PBXResourcesBuildPhase section */
		83564F611FB4E205008F7BDD /* Resources */ = {
			isa = PBXResourcesBuildPhase;
			buildActionMask = 2147483647;
			files = (
				067ACAC722E03B5A00BEA691 /* dingwrong.wav in Resources */,
				83564F711FB4E205008F7BDD /* LaunchScreen.storyboard in Resources */,
				83564F6E1FB4E205008F7BDD /* Assets.xcassets in Resources */,
				067ACACA22E03B5A00BEA691 /* cardflip.wav in Resources */,
				83564F6C1FB4E205008F7BDD /* Main.storyboard in Resources */,
				067ACAC822E03B5A00BEA691 /* shuffle.wav in Resources */,
				067ACAC922E03B5A00BEA691 /* dingcorrect.wav in Resources */,
			);
			runOnlyForDeploymentPostprocessing = 0;
		};
/* End PBXResourcesBuildPhase section */

/* Begin PBXSourcesBuildPhase section */
		83564F5F1FB4E205008F7BDD /* Sources */ = {
			isa = PBXSourcesBuildPhase;
			buildActionMask = 2147483647;
			files = (
				83564F691FB4E205008F7BDD /* ViewController.swift in Sources */,
				83564F671FB4E205008F7BDD /* AppDelegate.swift in Sources */,
				067ACAB022DD86E600BEA691 /* CardModel.swift in Sources */,
				067ACAB422DD882100BEA691 /* CardCollectionViewCell.swift in Sources */,
				067ACAB222DD876400BEA691 /* Card.swift in Sources */,
				067ACACF22E03DDF00BEA691 /* SoundManager.swift in Sources */,
			);
			runOnlyForDeploymentPostprocessing = 0;
		};
/* End PBXSourcesBuildPhase section */

/* Begin PBXVariantGroup section */
		83564F6A1FB4E205008F7BDD /* Main.storyboard */ = {
			isa = PBXVariantGroup;
			children = (
				83564F6B1FB4E205008F7BDD /* Base */,
			);
			name = Main.storyboard;
			sourceTree = "<group>";
		};
		83564F6F1FB4E205008F7BDD /* LaunchScreen.storyboard */ = {
			isa = PBXVariantGroup;
			children = (
				83564F701FB4E205008F7BDD /* Base */,
			);
			name = LaunchScreen.storyboard;
			sourceTree = "<group>";
		};
/* End PBXVariantGroup section */

/* Begin XCBuildConfiguration section */
		83564F731FB4E205008F7BDD /* Debug */ = {
			isa = XCBuildConfiguration;
			buildSettings = {
				ALWAYS_SEARCH_USER_PATHS = NO;
				CLANG_ANALYZER_NONNULL = YES;
				CLANG_ANALYZER_NUMBER_OBJECT_CONVERSION = YES_AGGRESSIVE;
				CLANG_CXX_LANGUAGE_STANDARD = "gnu++14";
				CLANG_CXX_LIBRARY = "libc++";
				CLANG_ENABLE_MODULES = YES;
				CLANG_ENABLE_OBJC_ARC = YES;
				CLANG_WARN_BLOCK_CAPTURE_AUTORELEASING = YES;
				CLANG_WARN_BOOL_CONVERSION = YES;
				CLANG_WARN_COMMA = YES;
				CLANG_WARN_CONSTANT_CONVERSION = YES;
				CLANG_WARN_DIRECT_OBJC_ISA_USAGE = YES_ERROR;
				CLANG_WARN_DOCUMENTATION_COMMENTS = YES;
				CLANG_WARN_EMPTY_BODY = YES;
				CLANG_WARN_ENUM_CONVERSION = YES;
				CLANG_WARN_INFINITE_RECURSION = YES;
				CLANG_WARN_INT_CONVERSION = YES;
				CLANG_WARN_NON_LITERAL_NULL_CONVERSION = YES;
				CLANG_WARN_OBJC_LITERAL_CONVERSION = YES;
				CLANG_WARN_OBJC_ROOT_CLASS = YES_ERROR;
				CLANG_WARN_RANGE_LOOP_ANALYSIS = YES;
				CLANG_WARN_STRICT_PROTOTYPES = YES;
				CLANG_WARN_SUSPICIOUS_MOVE = YES;
				CLANG_WARN_UNGUARDED_AVAILABILITY = YES_AGGRESSIVE;
				CLANG_WARN_UNREACHABLE_CODE = YES;
				CLANG_WARN__DUPLICATE_METHOD_MATCH = YES;
				CODE_SIGN_IDENTITY = "iPhone Developer";
				COPY_PHASE_STRIP = NO;
				DEBUG_INFORMATION_FORMAT = dwarf;
				ENABLE_STRICT_OBJC_MSGSEND = YES;
				ENABLE_TESTABILITY = YES;
				GCC_C_LANGUAGE_STANDARD = gnu11;
				GCC_DYNAMIC_NO_PIC = NO;
				GCC_NO_COMMON_BLOCKS = YES;
				GCC_OPTIMIZATION_LEVEL = 0;
				GCC_PREPROCESSOR_DEFINITIONS = (
					"DEBUG=1",
					"$(inherited)",
				);
				GCC_WARN_64_TO_32_BIT_CONVERSION = YES;
				GCC_WARN_ABOUT_RETURN_TYPE = YES_ERROR;
				GCC_WARN_UNDECLARED_SELECTOR = YES;
				GCC_WARN_UNINITIALIZED_AUTOS = YES_AGGRESSIVE;
				GCC_WARN_UNUSED_FUNCTION = YES;
				GCC_WARN_UNUSED_VARIABLE = YES;
				IPHONEOS_DEPLOYMENT_TARGET = 11.1;
				MTL_ENABLE_DEBUG_INFO = YES;
				ONLY_ACTIVE_ARCH = YES;
				SDKROOT = iphoneos;
				SWIFT_ACTIVE_COMPILATION_CONDITIONS = DEBUG;
				SWIFT_OPTIMIZATION_LEVEL = "-Onone";
			};
			name = Debug;
		};
		83564F741FB4E205008F7BDD /* Release */ = {
			isa = XCBuildConfiguration;
			buildSettings = {
				ALWAYS_SEARCH_USER_PATHS = NO;
				CLANG_ANALYZER_NONNULL = YES;
				CLANG_ANALYZER_NUMBER_OBJECT_CONVERSION = YES_AGGRESSIVE;
				CLANG_CXX_LANGUAGE_STANDARD = "gnu++14";
				CLANG_CXX_LIBRARY = "libc++";
				CLANG_ENABLE_MODULES = YES;
				CLANG_ENABLE_OBJC_ARC = YES;
				CLANG_WARN_BLOCK_CAPTURE_AUTORELEASING = YES;
				CLANG_WARN_BOOL_CONVERSION = YES;
				CLANG_WARN_COMMA = YES;
				CLANG_WARN_CONSTANT_CONVERSION = YES;
				CLANG_WARN_DIRECT_OBJC_ISA_USAGE = YES_ERROR;
				CLANG_WARN_DOCUMENTATION_COMMENTS = YES;
				CLANG_WARN_EMPTY_BODY = YES;
				CLANG_WARN_ENUM_CONVERSION = YES;
				CLANG_WARN_INFINITE_RECURSION = YES;
				CLANG_WARN_INT_CONVERSION = YES;
				CLANG_WARN_NON_LITERAL_NULL_CONVERSION = YES;
				CLANG_WARN_OBJC_LITERAL_CONVERSION = YES;
				CLANG_WARN_OBJC_ROOT_CLASS = YES_ERROR;
				CLANG_WARN_RANGE_LOOP_ANALYSIS = YES;
				CLANG_WARN_STRICT_PROTOTYPES = YES;
				CLANG_WARN_SUSPICIOUS_MOVE = YES;
				CLANG_WARN_UNGUARDED_AVAILABILITY = YES_AGGRESSIVE;
				CLANG_WARN_UNREACHABLE_CODE = YES;
				CLANG_WARN__DUPLICATE_METHOD_MATCH = YES;
				CODE_SIGN_IDENTITY = "iPhone Developer";
				COPY_PHASE_STRIP = NO;
				DEBUG_INFORMATION_FORMAT = "dwarf-with-dsym";
				ENABLE_NS_ASSERTIONS = NO;
				ENABLE_STRICT_OBJC_MSGSEND = YES;
				GCC_C_LANGUAGE_STANDARD = gnu11;
				GCC_NO_COMMON_BLOCKS = YES;
				GCC_WARN_64_TO_32_BIT_CONVERSION = YES;
				GCC_WARN_ABOUT_RETURN_TYPE = YES_ERROR;
				GCC_WARN_UNDECLARED_SELECTOR = YES;
				GCC_WARN_UNINITIALIZED_AUTOS = YES_AGGRESSIVE;
				GCC_WARN_UNUSED_FUNCTION = YES;
				GCC_WARN_UNUSED_VARIABLE = YES;
				IPHONEOS_DEPLOYMENT_TARGET = 11.1;
				MTL_ENABLE_DEBUG_INFO = NO;
				SDKROOT = iphoneos;
				SWIFT_OPTIMIZATION_LEVEL = "-Owholemodule";
				VALIDATE_PRODUCT = YES;
			};
			name = Release;
		};
		83564F761FB4E205008F7BDD /* Debug */ = {
			isa = XCBuildConfiguration;
			buildSettings = {
				ASSETCATALOG_COMPILER_APPICON_NAME = AppIcon;
				CODE_SIGN_STYLE = Automatic;
				DEVELOPMENT_TEAM = 7VLNQKNH7T;
				INFOPLIST_FILE = "Match App/Info.plist";
				LD_RUNPATH_SEARCH_PATHS = "$(inherited) @executable_path/Frameworks";
				PRODUCT_BUNDLE_IDENTIFIER = "com.codewithsoul.Match-App";
				PRODUCT_NAME = "$(TARGET_NAME)";
				SWIFT_VERSION = 4.0;
				TARGETED_DEVICE_FAMILY = "1,2";
			};
			name = Debug;
		};
		83564F771FB4E205008F7BDD /* Release */ = {
			isa = XCBuildConfiguration;
			buildSettings = {
				ASSETCATALOG_COMPILER_APPICON_NAME = AppIcon;
				CODE_SIGN_STYLE = Automatic;
				DEVELOPMENT_TEAM = 7VLNQKNH7T;
				INFOPLIST_FILE = "Match App/Info.plist";
				LD_RUNPATH_SEARCH_PATHS = "$(inherited) @executable_path/Frameworks";
				PRODUCT_BUNDLE_IDENTIFIER = "com.codewithsoul.Match-App";
				PRODUCT_NAME = "$(TARGET_NAME)";
				SWIFT_VERSION = 4.0;
				TARGETED_DEVICE_FAMILY = "1,2";
			};
			name = Release;
		};
/* End XCBuildConfiguration section */

/* Begin XCConfigurationList section */
		83564F5E1FB4E205008F7BDD /* Build configuration list for PBXProject "Match App_Po" */ = {
			isa = XCConfigurationList;
			buildConfigurations = (
				83564F731FB4E205008F7BDD /* Debug */,
				83564F741FB4E205008F7BDD /* Release */,
			);
			defaultConfigurationIsVisible = 0;
			defaultConfigurationName = Release;
		};
		83564F751FB4E205008F7BDD /* Build configuration list for PBXNativeTarget "Match App" */ = {
			isa = XCConfigurationList;
			buildConfigurations = (
				83564F761FB4E205008F7BDD /* Debug */,
				83564F771FB4E205008F7BDD /* Release */,
			);
			defaultConfigurationIsVisible = 0;
			defaultConfigurationName = Release;
		};
/* End XCConfigurationList section */
	};
	rootObject = 83564F5B1FB4E205008F7BDD /* Project object */;
}
